// !$*UTF8*$!
{
	archiveVersion = 1;
	classes = {
	};
	objectVersion = 46;
	objects = {

/* Begin PBXBuildFile section */
		1117E98A1ED5901500DAF70B /* AppDelegate.swift in Sources */ = {isa = PBXBuildFile; fileRef = 1117E9891ED5901500DAF70B /* AppDelegate.swift */; };
		1117E98C1ED5901500DAF70B /* ViewController.swift in Sources */ = {isa = PBXBuildFile; fileRef = 1117E98B1ED5901500DAF70B /* ViewController.swift */; };
		1117E98F1ED5901500DAF70B /* Main.storyboard in Resources */ = {isa = PBXBuildFile; fileRef = 1117E98D1ED5901500DAF70B /* Main.storyboard */; };
		1117E9911ED5901500DAF70B /* Assets.xcassets in Resources */ = {isa = PBXBuildFile; fileRef = 1117E9901ED5901500DAF70B /* Assets.xcassets */; };
		1117E9941ED5901500DAF70B /* LaunchScreen.storyboard in Resources */ = {isa = PBXBuildFile; fileRef = 1117E9921ED5901500DAF70B /* LaunchScreen.storyboard */; };
		1117E99F1ED5901500DAF70B /* TestNSUserActivityTests.swift in Sources */ = {isa = PBXBuildFile; fileRef = 1117E99E1ED5901500DAF70B /* TestNSUserActivityTests.swift */; };
		1117E9AA1ED5901500DAF70B /* TestNSUserActivityUITests.swift in Sources */ = {isa = PBXBuildFile; fileRef = 1117E9A91ED5901500DAF70B /* TestNSUserActivityUITests.swift */; };
		1117E9B81ED5909A00DAF70B /* DetailedViewController.swift in Sources */ = {isa = PBXBuildFile; fileRef = 1117E9B71ED5909A00DAF70B /* DetailedViewController.swift */; };
/* End PBXBuildFile section */

/* Begin PBXContainerItemProxy section */
		1117E99B1ED5901500DAF70B /* PBXContainerItemProxy */ = {
			isa = PBXContainerItemProxy;
			containerPortal = 1117E97E1ED5901500DAF70B /* Project object */;
			proxyType = 1;
			remoteGlobalIDString = 1117E9851ED5901500DAF70B;
			remoteInfo = TestNSUserActivity;
		};
		1117E9A61ED5901500DAF70B /* PBXContainerItemProxy */ = {
			isa = PBXContainerItemProxy;
			containerPortal = 1117E97E1ED5901500DAF70B /* Project object */;
			proxyType = 1;
			remoteGlobalIDString = 1117E9851ED5901500DAF70B;
			remoteInfo = TestNSUserActivity;
		};
/* End PBXContainerItemProxy section */

/* Begin PBXFileReference section */
		1117E9861ED5901500DAF70B /* TestNSUserActivity.app */ = {isa = PBXFileReference; explicitFileType = wrapper.application; includeInIndex = 0; path = TestNSUserActivity.app; sourceTree = BUILT_PRODUCTS_DIR; };
		1117E9891ED5901500DAF70B /* AppDelegate.swift */ = {isa = PBXFileReference; lastKnownFileType = sourcecode.swift; path = AppDelegate.swift; sourceTree = "<group>"; };
		1117E98B1ED5901500DAF70B /* ViewController.swift */ = {isa = PBXFileReference; lastKnownFileType = sourcecode.swift; path = ViewController.swift; sourceTree = "<group>"; };
		1117E98E1ED5901500DAF70B /* Base */ = {isa = PBXFileReference; lastKnownFileType = file.storyboard; name = Base; path = Base.lproj/Main.storyboard; sourceTree = "<group>"; };
		1117E9901ED5901500DAF70B /* Assets.xcassets */ = {isa = PBXFileReference; lastKnownFileType = folder.assetcatalog; path = Assets.xcassets; sourceTree = "<group>"; };
		1117E9931ED5901500DAF70B /* Base */ = {isa = PBXFileReference; lastKnownFileType = file.storyboard; name = Base; path = Base.lproj/LaunchScreen.storyboard; sourceTree = "<group>"; };
		1117E9951ED5901500DAF70B /* Info.plist */ = {isa = PBXFileReference; lastKnownFileType = text.plist.xml; path = Info.plist; sourceTree = "<group>"; };
		1117E99A1ED5901500DAF70B /* TestNSUserActivityTests.xctest */ = {isa = PBXFileReference; explicitFileType = wrapper.cfbundle; includeInIndex = 0; path = TestNSUserActivityTests.xctest; sourceTree = BUILT_PRODUCTS_DIR; };
		1117E99E1ED5901500DAF70B /* TestNSUserActivityTests.swift */ = {isa = PBXFileReference; lastKnownFileType = sourcecode.swift; path = TestNSUserActivityTests.swift; sourceTree = "<group>"; };
		1117E9A01ED5901500DAF70B /* Info.plist */ = {isa = PBXFileReference; lastKnownFileType = text.plist.xml; path = Info.plist; sourceTree = "<group>"; };
		1117E9A51ED5901500DAF70B /* TestNSUserActivityUITests.xctest */ = {isa = PBXFileReference; explicitFileType = wrapper.cfbundle; includeInIndex = 0; path = TestNSUserActivityUITests.xctest; sourceTree = BUILT_PRODUCTS_DIR; };
		1117E9A91ED5901500DAF70B /* TestNSUserActivityUITests.swift */ = {isa = PBXFileReference; lastKnownFileType = sourcecode.swift; path = TestNSUserActivityUITests.swift; sourceTree = "<group>"; };
		1117E9AB1ED5901500DAF70B /* Info.plist */ = {isa = PBXFileReference; lastKnownFileType = text.plist.xml; path = Info.plist; sourceTree = "<group>"; };
		1117E9B71ED5909A00DAF70B /* DetailedViewController.swift */ = {isa = PBXFileReference; fileEncoding = 4; lastKnownFileType = sourcecode.swift; path = DetailedViewController.swift; sourceTree = "<group>"; };
/* End PBXFileReference section */

/* Begin PBXFrameworksBuildPhase section */
		1117E9831ED5901500DAF70B /* Frameworks */ = {
			isa = PBXFrameworksBuildPhase;
			buildActionMask = 2147483647;
			files = (
			);
			runOnlyForDeploymentPostprocessing = 0;
		};
		1117E9971ED5901500DAF70B /* Frameworks */ = {
			isa = PBXFrameworksBuildPhase;
			buildActionMask = 2147483647;
			files = (
			);
			runOnlyForDeploymentPostprocessing = 0;
		};
		1117E9A21ED5901500DAF70B /* Frameworks */ = {
			isa = PBXFrameworksBuildPhase;
			buildActionMask = 2147483647;
			files = (
			);
			runOnlyForDeploymentPostprocessing = 0;
		};
/* End PBXFrameworksBuildPhase section */

/* Begin PBXGroup section */
		1117E97D1ED5901500DAF70B = {
			isa = PBXGroup;
			children = (
				1117E9881ED5901500DAF70B /* TestNSUserActivity */,
				1117E99D1ED5901500DAF70B /* TestNSUserActivityTests */,
				1117E9A81ED5901500DAF70B /* TestNSUserActivityUITests */,
				1117E9871ED5901500DAF70B /* Products */,
			);
			sourceTree = "<group>";
		};
		1117E9871ED5901500DAF70B /* Products */ = {
			isa = PBXGroup;
			children = (
				1117E9861ED5901500DAF70B /* TestNSUserActivity.app */,
				1117E99A1ED5901500DAF70B /* TestNSUserActivityTests.xctest */,
				1117E9A51ED5901500DAF70B /* TestNSUserActivityUITests.xctest */,
			);
			name = Products;
			sourceTree = "<group>";
		};
		1117E9881ED5901500DAF70B /* TestNSUserActivity */ = {
			isa = PBXGroup;
			children = (
				1117E9891ED5901500DAF70B /* AppDelegate.swift */,
				1117E98B1ED5901500DAF70B /* ViewController.swift */,
				1117E9B71ED5909A00DAF70B /* DetailedViewController.swift */,
				1117E98D1ED5901500DAF70B /* Main.storyboard */,
				1117E9901ED5901500DAF70B /* Assets.xcassets */,
				1117E9921ED5901500DAF70B /* LaunchScreen.storyboard */,
				1117E9951ED5901500DAF70B /* Info.plist */,
			);
			path = TestNSUserActivity;
			sourceTree = "<group>";
		};
		1117E99D1ED5901500DAF70B /* TestNSUserActivityTests */ = {
			isa = PBXGroup;
			children = (
				1117E99E1ED5901500DAF70B /* TestNSUserActivityTests.swift */,
				1117E9A01ED5901500DAF70B /* Info.plist */,
			);
			path = TestNSUserActivityTests;
			sourceTree = "<group>";
		};
		1117E9A81ED5901500DAF70B /* TestNSUserActivityUITests */ = {
			isa = PBXGroup;
			children = (
				1117E9A91ED5901500DAF70B /* TestNSUserActivityUITests.swift */,
				1117E9AB1ED5901500DAF70B /* Info.plist */,
			);
			path = TestNSUserActivityUITests;
			sourceTree = "<group>";
		};
/* End PBXGroup section */

/* Begin PBXNativeTarget section */
		1117E9851ED5901500DAF70B /* TestNSUserActivity */ = {
			isa = PBXNativeTarget;
			buildConfigurationList = 1117E9AE1ED5901500DAF70B /* Build configuration list for PBXNativeTarget "TestNSUserActivity" */;
			buildPhases = (
				1117E9821ED5901500DAF70B /* Sources */,
				1117E9831ED5901500DAF70B /* Frameworks */,
				1117E9841ED5901500DAF70B /* Resources */,
			);
			buildRules = (
			);
			dependencies = (
			);
			name = TestNSUserActivity;
			productName = TestNSUserActivity;
			productReference = 1117E9861ED5901500DAF70B /* TestNSUserActivity.app */;
			productType = "com.apple.product-type.application";
		};
		1117E9991ED5901500DAF70B /* TestNSUserActivityTests */ = {
			isa = PBXNativeTarget;
			buildConfigurationList = 1117E9B11ED5901500DAF70B /* Build configuration list for PBXNativeTarget "TestNSUserActivityTests" */;
			buildPhases = (
				1117E9961ED5901500DAF70B /* Sources */,
				1117E9971ED5901500DAF70B /* Frameworks */,
				1117E9981ED5901500DAF70B /* Resources */,
			);
			buildRules = (
			);
			dependencies = (
				1117E99C1ED5901500DAF70B /* PBXTargetDependency */,
			);
			name = TestNSUserActivityTests;
			productName = TestNSUserActivityTests;
			productReference = 1117E99A1ED5901500DAF70B /* TestNSUserActivityTests.xctest */;
			productType = "com.apple.product-type.bundle.unit-test";
		};
		1117E9A41ED5901500DAF70B /* TestNSUserActivityUITests */ = {
			isa = PBXNativeTarget;
			buildConfigurationList = 1117E9B41ED5901500DAF70B /* Build configuration list for PBXNativeTarget "TestNSUserActivityUITests" */;
			buildPhases = (
				1117E9A11ED5901500DAF70B /* Sources */,
				1117E9A21ED5901500DAF70B /* Frameworks */,
				1117E9A31ED5901500DAF70B /* Resources */,
			);
			buildRules = (
			);
			dependencies = (
				1117E9A71ED5901500DAF70B /* PBXTargetDependency */,
			);
			name = TestNSUserActivityUITests;
			productName = TestNSUserActivityUITests;
			productReference = 1117E9A51ED5901500DAF70B /* TestNSUserActivityUITests.xctest */;
			productType = "com.apple.product-type.bundle.ui-testing";
		};
/* End PBXNativeTarget section */

/* Begin PBXProject section */
		1117E97E1ED5901500DAF70B /* Project object */ = {
			isa = PBXProject;
			attributes = {
				LastSwiftUpdateCheck = 0830;
				LastUpgradeCheck = 0830;
				ORGANIZATIONNAME = wangsen;
				TargetAttributes = {
					1117E9851ED5901500DAF70B = {
						CreatedOnToolsVersion = 8.3;
						DevelopmentTeam = L2LYHXGC7E;
						ProvisioningStyle = Automatic;
					};
					1117E9991ED5901500DAF70B = {
						CreatedOnToolsVersion = 8.3;
						DevelopmentTeam = L2LYHXGC7E;
						ProvisioningStyle = Automatic;
						TestTargetID = 1117E9851ED5901500DAF70B;
					};
					1117E9A41ED5901500DAF70B = {
						CreatedOnToolsVersion = 8.3;
						DevelopmentTeam = L2LYHXGC7E;
						ProvisioningStyle = Automatic;
						TestTargetID = 1117E9851ED5901500DAF70B;
					};
				};
			};
			buildConfigurationList = 1117E9811ED5901500DAF70B /* Build configuration list for PBXProject "TestNSUserActivity" */;
			compatibilityVersion = "Xcode 3.2";
			developmentRegion = English;
			hasScannedForEncodings = 0;
			knownRegions = (
				en,
				Base,
			);
			mainGroup = 1117E97D1ED5901500DAF70B;
			productRefGroup = 1117E9871ED5901500DAF70B /* Products */;
			projectDirPath = "";
			projectRoot = "";
			targets = (
				1117E9851ED5901500DAF70B /* TestNSUserActivity */,
				1117E9991ED5901500DAF70B /* TestNSUserActivityTests */,
				1117E9A41ED5901500DAF70B /* TestNSUserActivityUITests */,
			);
		};
/* End PBXProject section */

/* Begin PBXResourcesBuildPhase section */
		1117E9841ED5901500DAF70B /* Resources */ = {
			isa = PBXResourcesBuildPhase;
			buildActionMask = 2147483647;
			files = (
				1117E9941ED5901500DAF70B /* LaunchScreen.storyboard in Resources */,
				1117E9911ED5901500DAF70B /* Assets.xcassets in Resources */,
				1117E98F1ED5901500DAF70B /* Main.storyboard in Resources */,
			);
			runOnlyForDeploymentPostprocessing = 0;
		};
		1117E9981ED5901500DAF70B /* Resources */ = {
			isa = PBXResourcesBuildPhase;
			buildActionMask = 2147483647;
			files = (
			);
			runOnlyForDeploymentPostprocessing = 0;
		};
		1117E9A31ED5901500DAF70B /* Resources */ = {
			isa = PBXResourcesBuildPhase;
			buildActionMask = 2147483647;
			files = (
			);
			runOnlyForDeploymentPostprocessing = 0;
		};
/* End PBXResourcesBuildPhase section */

/* Begin PBXSourcesBuildPhase section */
		1117E9821ED5901500DAF70B /* Sources */ = {
			isa = PBXSourcesBuildPhase;
			buildActionMask = 2147483647;
			files = (
				1117E98C1ED5901500DAF70B /* ViewController.swift in Sources */,
				1117E98A1ED5901500DAF70B /* AppDelegate.swift in Sources */,
				1117E9B81ED5909A00DAF70B /* DetailedViewController.swift in Sources */,
			);
			runOnlyForDeploymentPostprocessing = 0;
		};
		1117E9961ED5901500DAF70B /* Sources */ = {
			isa = PBXSourcesBuildPhase;
			buildActionMask = 2147483647;
			files = (
				1117E99F1ED5901500DAF70B /* TestNSUserActivityTests.swift in Sources */,
			);
			runOnlyForDeploymentPostprocessing = 0;
		};
		1117E9A11ED5901500DAF70B /* Sources */ = {
			isa = PBXSourcesBuildPhase;
			buildActionMask = 2147483647;
			files = (
				1117E9AA1ED5901500DAF70B /* TestNSUserActivityUITests.swift in Sources */,
			);
			runOnlyForDeploymentPostprocessing = 0;
		};
/* End PBXSourcesBuildPhase section */

/* Begin PBXTargetDependency section */
		1117E99C1ED5901500DAF70B /* PBXTargetDependency */ = {
			isa = PBXTargetDependency;
			target = 1117E9851ED5901500DAF70B /* TestNSUserActivity */;
			targetProxy = 1117E99B1ED5901500DAF70B /* PBXContainerItemProxy */;
		};
		1117E9A71ED5901500DAF70B /* PBXTargetDependency */ = {
			isa = PBXTargetDependency;
			target = 1117E9851ED5901500DAF70B /* TestNSUserActivity */;
			targetProxy = 1117E9A61ED5901500DAF70B /* PBXContainerItemProxy */;
		};
/* End PBXTargetDependency section */

/* Begin PBXVariantGroup section */
		1117E98D1ED5901500DAF70B /* Main.storyboard */ = {
			isa = PBXVariantGroup;
			children = (
				1117E98E1ED5901500DAF70B /* Base */,
			);
			name = Main.storyboard;
			sourceTree = "<group>";
		};
		1117E9921ED5901500DAF70B /* LaunchScreen.storyboard */ = {
			isa = PBXVariantGroup;
			children = (
				1117E9931ED5901500DAF70B /* Base */,
			);
			name = LaunchScreen.storyboard;
			sourceTree = "<group>";
		};
/* End PBXVariantGroup section */

/* Begin XCBuildConfiguration section */
		1117E9AC1ED5901500DAF70B /* Debug */ = {
			isa = XCBuildConfiguration;
			buildSettings = {
				ALWAYS_SEARCH_USER_PATHS = NO;
				CLANG_ANALYZER_NONNULL = YES;
				CLANG_ANALYZER_NUMBER_OBJECT_CONVERSION = YES_AGGRESSIVE;
				CLANG_CXX_LANGUAGE_STANDARD = "gnu++0x";
				CLANG_CXX_LIBRARY = "libc++";
				CLANG_ENABLE_MODULES = YES;
				CLANG_ENABLE_OBJC_ARC = YES;
				CLANG_WARN_BOOL_CONVERSION = YES;
				CLANG_WARN_CONSTANT_CONVERSION = YES;
				CLANG_WARN_DIRECT_OBJC_ISA_USAGE = YES_ERROR;
				CLANG_WARN_DOCUMENTATION_COMMENTS = YES;
				CLANG_WARN_EMPTY_BODY = YES;
				CLANG_WARN_ENUM_CONVERSION = YES;
				CLANG_WARN_INFINITE_RECURSION = YES;
				CLANG_WARN_INT_CONVERSION = YES;
				CLANG_WARN_OBJC_ROOT_CLASS = YES_ERROR;
				CLANG_WARN_SUSPICIOUS_MOVE = YES;
				CLANG_WARN_UNREACHABLE_CODE = YES;
				CLANG_WARN__DUPLICATE_METHOD_MATCH = YES;
				"CODE_SIGN_IDENTITY[sdk=iphoneos*]" = "iPhone Developer";
				COPY_PHASE_STRIP = NO;
				DEBUG_INFORMATION_FORMAT = dwarf;
				ENABLE_STRICT_OBJC_MSGSEND = YES;
				ENABLE_TESTABILITY = YES;
				GCC_C_LANGUAGE_STANDARD = gnu99;
				GCC_DYNAMIC_NO_PIC = NO;
				GCC_NO_COMMON_BLOCKS = YES;
				GCC_OPTIMIZATION_LEVEL = 0;
				GCC_PREPROCESSOR_DEFINITIONS = (
					"DEBUG=1",
					"$(inherited)",
				);
				GCC_WARN_64_TO_32_BIT_CONVERSION = YES;
				GCC_WARN_ABOUT_RETURN_TYPE = YES_ERROR;
				GCC_WARN_UNDECLARED_SELECTOR = YES;
				GCC_WARN_UNINITIALIZED_AUTOS = YES_AGGRESSIVE;
				GCC_WARN_UNUSED_FUNCTION = YES;
				GCC_WARN_UNUSED_VARIABLE = YES;
				IPHONEOS_DEPLOYMENT_TARGET = 10.3;
				MTL_ENABLE_DEBUG_INFO = YES;
				ONLY_ACTIVE_ARCH = YES;
				SDKROOT = iphoneos;
				SWIFT_ACTIVE_COMPILATION_CONDITIONS = DEBUG;
				SWIFT_OPTIMIZATION_LEVEL = "-Onone";
			};
			name = Debug;
		};
		1117E9AD1ED5901500DAF70B /* Release */ = {
			isa = XCBuildConfiguration;
			buildSettings = {
				ALWAYS_SEARCH_USER_PATHS = NO;
				CLANG_ANALYZER_NONNULL = YES;
				CLANG_ANALYZER_NUMBER_OBJECT_CONVERSION = YES_AGGRESSIVE;
				CLANG_CXX_LANGUAGE_STANDARD = "gnu++0x";
				CLANG_CXX_LIBRARY = "libc++";
				CLANG_ENABLE_MODULES = YES;
				CLANG_ENABLE_OBJC_ARC = YES;
				CLANG_WARN_BOOL_CONVERSION = YES;
				CLANG_WARN_CONSTANT_CONVERSION = YES;
				CLANG_WARN_DIRECT_OBJC_ISA_USAGE = YES_ERROR;
				CLANG_WARN_DOCUMENTATION_COMMENTS = YES;
				CLANG_WARN_EMPTY_BODY = YES;
				CLANG_WARN_ENUM_CONVERSION = YES;
				CLANG_WARN_INFINITE_RECURSION = YES;
				CLANG_WARN_INT_CONVERSION = YES;
				CLANG_WARN_OBJC_ROOT_CLASS = YES_ERROR;
				CLANG_WARN_SUSPICIOUS_MOVE = YES;
				CLANG_WARN_UNREACHABLE_CODE = YES;
				CLANG_WARN__DUPLICATE_METHOD_MATCH = YES;
				"CODE_SIGN_IDENTITY[sdk=iphoneos*]" = "iPhone Developer";
				COPY_PHASE_STRIP = NO;
				DEBUG_INFORMATION_FORMAT = "dwarf-with-dsym";
				ENABLE_NS_ASSERTIONS = NO;
				ENABLE_STRICT_OBJC_MSGSEND = YES;
				GCC_C_LANGUAGE_STANDARD = gnu99;
				GCC_NO_COMMON_BLOCKS = YES;
				GCC_WARN_64_TO_32_BIT_CONVERSION = YES;
				GCC_WARN_ABOUT_RETURN_TYPE = YES_ERROR;
				GCC_WARN_UNDECLARED_SELECTOR = YES;
				GCC_WARN_UNINITIALIZED_AUTOS = YES_AGGRESSIVE;
				GCC_WARN_UNUSED_FUNCTION = YES;
				GCC_WARN_UNUSED_VARIABLE = YES;
				IPHONEOS_DEPLOYMENT_TARGET = 10.3;
				MTL_ENABLE_DEBUG_INFO = NO;
				SDKROOT = iphoneos;
				SWIFT_OPTIMIZATION_LEVEL = "-Owholemodule";
				VALIDATE_PRODUCT = YES;
			};
			name = Release;
		};
		1117E9AF1ED5901500DAF70B /* Debug */ = {
			isa = XCBuildConfiguration;
			buildSettings = {
				ASSETCATALOG_COMPILER_APPICON_NAME = AppIcon;
				DEVELOPMENT_TEAM = L2LYHXGC7E;
				INFOPLIST_FILE = TestNSUserActivity/Info.plist;
				LD_RUNPATH_SEARCH_PATHS = "$(inherited) @executable_path/Frameworks";
				PRODUCT_BUNDLE_IDENTIFIER = com.TestNSUserActivity;
				PRODUCT_NAME = "$(TARGET_NAME)";
				SWIFT_VERSION = 3.0;
			};
			name = Debug;
		};
		1117E9B01ED5901500DAF70B /* Release */ = {
			isa = XCBuildConfiguration;
			buildSettings = {
				ASSETCATALOG_COMPILER_APPICON_NAME = AppIcon;
				DEVELOPMENT_TEAM = L2LYHXGC7E;
				INFOPLIST_FILE = TestNSUserActivity/Info.plist;
				LD_RUNPATH_SEARCH_PATHS = "$(inherited) @executable_path/Frameworks";
				PRODUCT_BUNDLE_IDENTIFIER = com.TestNSUserActivity;
				PRODUCT_NAME = "$(TARGET_NAME)";
				SWIFT_VERSION = 3.0;
			};
			name = Release;
		};
		1117E9B21ED5901500DAF70B /* Debug */ = {
			isa = XCBuildConfiguration;
			buildSettings = {
				ALWAYS_EMBED_SWIFT_STANDARD_LIBRARIES = YES;
				BUNDLE_LOADER = "$(TEST_HOST)";
				DEVELOPMENT_TEAM = L2LYHXGC7E;
				INFOPLIST_FILE = TestNSUserActivityTests/Info.plist;
				LD_RUNPATH_SEARCH_PATHS = "$(inherited) @executable_path/Frameworks @loader_path/Frameworks";
				PRODUCT_BUNDLE_IDENTIFIER = com.TestNSUserActivityTests;
				PRODUCT_NAME = "$(TARGET_NAME)";
				SWIFT_VERSION = 3.0;
				TEST_HOST = "$(BUILT_PRODUCTS_DIR)/TestNSUserActivity.app/TestNSUserActivity";
			};
			name = Debug;
		};
		1117E9B31ED5901500DAF70B /* Release */ = {
			isa = XCBuildConfiguration;
			buildSettings = {
				ALWAYS_EMBED_SWIFT_STANDARD_LIBRARIES = YES;
				BUNDLE_LOADER = "$(TEST_HOST)";
				DEVELOPMENT_TEAM = L2LYHXGC7E;
				INFOPLIST_FILE = TestNSUserActivityTests/Info.plist;
				LD_RUNPATH_SEARCH_PATHS = "$(inherited) @executable_path/Frameworks @loader_path/Frameworks";
				PRODUCT_BUNDLE_IDENTIFIER = com.TestNSUserActivityTests;
				PRODUCT_NAME = "$(TARGET_NAME)";
				SWIFT_VERSION = 3.0;
				TEST_HOST = "$(BUILT_PRODUCTS_DIR)/TestNSUserActivity.app/TestNSUserActivity";
			};
			name = Release;
		};
		1117E9B51ED5901500DAF70B /* Debug */ = {
			isa = XCBuildConfiguration;
			buildSettings = {
				ALWAYS_EMBED_SWIFT_STANDARD_LIBRARIES = YES;
				DEVELOPMENT_TEAM = L2LYHXGC7E;
				INFOPLIST_FILE = TestNSUserActivityUITests/Info.plist;
				LD_RUNPATH_SEARCH_PATHS = "$(inherited) @executable_path/Frameworks @loader_path/Frameworks";
				PRODUCT_BUNDLE_IDENTIFIER = com.TestNSUserActivityUITests;
				PRODUCT_NAME = "$(TARGET_NAME)";
				SWIFT_VERSION = 3.0;
				TEST_TARGET_NAME = TestNSUserActivity;
			};
			name = Debug;
		};
		1117E9B61ED5901500DAF70B /* Release */ = {
			isa = XCBuildConfiguration;
			buildSettings = {
				ALWAYS_EMBED_SWIFT_STANDARD_LIBRARIES = YES;
				DEVELOPMENT_TEAM = L2LYHXGC7E;
				INFOPLIST_FILE = TestNSUserActivityUITests/Info.plist;
				LD_RUNPATH_SEARCH_PATHS = "$(inherited) @executable_path/Frameworks @loader_path/Frameworks";
				PRODUCT_BUNDLE_IDENTIFIER = com.TestNSUserActivityUITests;
				PRODUCT_NAME = "$(TARGET_NAME)";
				SWIFT_VERSION = 3.0;
				TEST_TARGET_NAME = TestNSUserActivity;
			};
			name = Release;
		};
/* End XCBuildConfiguration section */

/* Begin XCConfigurationList section */
		1117E9811ED5901500DAF70B /* Build configuration list for PBXProject "TestNSUserActivity" */ = {
			isa = XCConfigurationList;
			buildConfigurations = (
				1117E9AC1ED5901500DAF70B /* Debug */,
				1117E9AD1ED5901500DAF70B /* Release */,
			);
			defaultConfigurationIsVisible = 0;
			defaultConfigurationName = Release;
		};
		1117E9AE1ED5901500DAF70B /* Build configuration list for PBXNativeTarget "TestNSUserActivity" */ = {
			isa = XCConfigurationList;
			buildConfigurations = (
				1117E9AF1ED5901500DAF70B /* Debug */,
				1117E9B01ED5901500DAF70B /* Release */,
			);
			defaultConfigurationIsVisible = 0;
		};
		1117E9B11ED5901500DAF70B /* Build configuration list for PBXNativeTarget "TestNSUserActivityTests" */ = {
			isa = XCConfigurationList;
			buildConfigurations = (
				1117E9B21ED5901500DAF70B /* Debug */,
				1117E9B31ED5901500DAF70B /* Release */,
			);
			defaultConfigurationIsVisible = 0;
		};
		1117E9B41ED5901500DAF70B /* Build configuration list for PBXNativeTarget "TestNSUserActivityUITests" */ = {
			isa = XCConfigurationList;
			buildConfigurations = (
				1117E9B51ED5901500DAF70B /* Debug */,
				1117E9B61ED5901500DAF70B /* Release */,
			);
			defaultConfigurationIsVisible = 0;
		};
/* End XCConfigurationList section */
	};
	rootObject = 1117E97E1ED5901500DAF70B /* Project object */;
}
